
Microsoft Visual Studio Solution File, Format Version 12.00
# Visual Studio 15
VisualStudioVersion = 15.0.27703.2035
MinimumVisualStudioVersion = 10.0.40219.1
Project("{FAE04EC0-301F-11D3-BF4B-00C04F79EFBC}") = "Monster Fighter", "Monster Fighter\Monster Fighter.csproj", "{7902732A-1FFF-4791-8482-7A016EF670B0}"
EndProject
Global
	GlobalSection(SolutionConfigurationPlatforms) = preSolution
		Debug|Any CPU = Debug|Any CPU
		Release|Any CPU = Release|Any CPU
	EndGlobalSection
	GlobalSection(ProjectConfigurationPlatforms) = postSolution
		{7902732A-1FFF-4791-8482-7A016EF670B0}.Debug|Any CPU.ActiveCfg = Debug|Any CPU
		{7902732A-1FFF-4791-8482-7A016EF670B0}.Debug|Any CPU.Build.0 = Debug|Any CPU
		{7902732A-1FFF-4791-8482-7A016EF670B0}.Release|Any CPU.ActiveCfg = Release|Any CPU
		{7902732A-1FFF-4791-8482-7A016EF670B0}.Release|Any CPU.Build.0 = Release|Any CPU
	EndGlobalSection
	GlobalSection(SolutionProperties) = preSolution
		HideSolutionNode = FALSE
	EndGlobalSection
	GlobalSection(ExtensibilityGlobals) = postSolution
		SolutionGuid = {418EC216-80E7-4F82-9432-49F1F2A866BC}
	EndGlobalSection
EndGlobal
